
Microsoft Visual Studio Solution File, Format Version 12.00
Project("{FAE04EC0-301F-11D3-BF4B-00C04F79EFBC}") = "Øv01_MathLib", "Øv01_MathLib\Øv01_MathLib.csproj", "{0CD36CF0-C8D1-4BC9-855D-55D2C7BA0E1A}"
EndProject
Global
	GlobalSection(SolutionConfigurationPlatforms) = preSolution
		Debug|Any CPU = Debug|Any CPU
		Release|Any CPU = Release|Any CPU
	EndGlobalSection
	GlobalSection(ProjectConfigurationPlatforms) = postSolution
		{0CD36CF0-C8D1-4BC9-855D-55D2C7BA0E1A}.Debug|Any CPU.ActiveCfg = Debug|Any CPU
		{0CD36CF0-C8D1-4BC9-855D-55D2C7BA0E1A}.Debug|Any CPU.Build.0 = Debug|Any CPU
		{0CD36CF0-C8D1-4BC9-855D-55D2C7BA0E1A}.Release|Any CPU.ActiveCfg = Release|Any CPU
		{0CD36CF0-C8D1-4BC9-855D-55D2C7BA0E1A}.Release|Any CPU.Build.0 = Release|Any CPU
	EndGlobalSection
EndGlobal
